
Microsoft Visual Studio Solution File, Format Version 12.00
# Visual Studio Version 16
VisualStudioVersion = 16.0.29215.179
MinimumVisualStudioVersion = 10.0.40219.1
Project("{FAE04EC0-301F-11D3-BF4B-00C04F79EFBC}") = "Capstone_SquareFeetGenerator", "Capstone_SquareFeetGenerator\Capstone_SquareFeetGenerator.csproj", "{9E583E5C-DE1A-4057-88BE-0B5DD2A9B2C3}"
EndProject
Global
	GlobalSection(SolutionConfigurationPlatforms) = preSolution
		Debug|Any CPU = Debug|Any CPU
		Release|Any CPU = Release|Any CPU
	EndGlobalSection
	GlobalSection(ProjectConfigurationPlatforms) = postSolution
		{9E583E5C-DE1A-4057-88BE-0B5DD2A9B2C3}.Debug|Any CPU.ActiveCfg = Debug|Any CPU
		{9E583E5C-DE1A-4057-88BE-0B5DD2A9B2C3}.Debug|Any CPU.Build.0 = Debug|Any CPU
		{9E583E5C-DE1A-4057-88BE-0B5DD2A9B2C3}.Release|Any CPU.ActiveCfg = Release|Any CPU
		{9E583E5C-DE1A-4057-88BE-0B5DD2A9B2C3}.Release|Any CPU.Build.0 = Release|Any CPU
	EndGlobalSection
	GlobalSection(SolutionProperties) = preSolution
		HideSolutionNode = FALSE
	EndGlobalSection
	GlobalSection(ExtensibilityGlobals) = postSolution
		SolutionGuid = {063E86C8-ECCA-4FC2-9BCE-2F8BC1A8E900}
	EndGlobalSection
EndGlobal
